
Microsoft Visual Studio Solution File, Format Version 12.00
# Visual Studio Version 16
VisualStudioVersion = 16.0.30711.63
MinimumVisualStudioVersion = 10.0.40219.1
Project("{FAE04EC0-301F-11D3-BF4B-00C04F79EFBC}") = "ContractTestingDemo", "ContractTestingDemo\ContractTestingDemo.csproj", "{691C165A-A6C7-425E-93B4-E927A5FB8593}"
EndProject
Project("{FAE04EC0-301F-11D3-BF4B-00C04F79EFBC}") = "PayoutQueueProvider", "PayoutQueueProvider\PayoutQueueProvider.csproj", "{3E0E0C00-BED0-47B2-A451-01677253182E}"
EndProject
Global
	GlobalSection(SolutionConfigurationPlatforms) = preSolution
		Debug|Any CPU = Debug|Any CPU
		Release|Any CPU = Release|Any CPU
	EndGlobalSection
	GlobalSection(ProjectConfigurationPlatforms) = postSolution
		{691C165A-A6C7-425E-93B4-E927A5FB8593}.Debug|Any CPU.ActiveCfg = Debug|Any CPU
		{691C165A-A6C7-425E-93B4-E927A5FB8593}.Debug|Any CPU.Build.0 = Debug|Any CPU
		{691C165A-A6C7-425E-93B4-E927A5FB8593}.Release|Any CPU.ActiveCfg = Release|Any CPU
		{691C165A-A6C7-425E-93B4-E927A5FB8593}.Release|Any CPU.Build.0 = Release|Any CPU
		{3E0E0C00-BED0-47B2-A451-01677253182E}.Debug|Any CPU.ActiveCfg = Debug|Any CPU
		{3E0E0C00-BED0-47B2-A451-01677253182E}.Debug|Any CPU.Build.0 = Debug|Any CPU
		{3E0E0C00-BED0-47B2-A451-01677253182E}.Release|Any CPU.ActiveCfg = Release|Any CPU
		{3E0E0C00-BED0-47B2-A451-01677253182E}.Release|Any CPU.Build.0 = Release|Any CPU
	EndGlobalSection
	GlobalSection(SolutionProperties) = preSolution
		HideSolutionNode = FALSE
	EndGlobalSection
	GlobalSection(ExtensibilityGlobals) = postSolution
		SolutionGuid = {E9B60D7B-78C9-44C8-9389-08EB6BFB100F}
	EndGlobalSection
EndGlobal
